// !$*UTF8*$!
{
	archiveVersion = 1;
	classes = {
	};
	objectVersion = 46;
	objects = {

/* Begin PBXBuildFile section */
		C2AA8FAE1D533CB200777188 /* main.m in Sources */ = {isa = PBXBuildFile; fileRef = C2AA8FAD1D533CB200777188 /* main.m */; };
		C2AA8FB11D533CB200777188 /* AppDelegate.m in Sources */ = {isa = PBXBuildFile; fileRef = C2AA8FB01D533CB200777188 /* AppDelegate.m */; };
		C2AA8FB41D533CB200777188 /* ViewController.m in Sources */ = {isa = PBXBuildFile; fileRef = C2AA8FB31D533CB200777188 /* ViewController.m */; };
		C2AA8FB71D533CB200777188 /* Main.storyboard in Resources */ = {isa = PBXBuildFile; fileRef = C2AA8FB51D533CB200777188 /* Main.storyboard */; };
		C2AA8FB91D533CB200777188 /* Assets.xcassets in Resources */ = {isa = PBXBuildFile; fileRef = C2AA8FB81D533CB200777188 /* Assets.xcassets */; };
		C2AA8FBC1D533CB200777188 /* LaunchScreen.storyboard in Resources */ = {isa = PBXBuildFile; fileRef = C2AA8FBA1D533CB200777188 /* LaunchScreen.storyboard */; };
		C2F37BF81D8264E900FEE8E1 /* libXDAttributedTool.a in Frameworks */ = {isa = PBXBuildFile; fileRef = C2F37BF61D8264E900FEE8E1 /* libXDAttributedTool.a */; };
/* End PBXBuildFile section */

/* Begin PBXFileReference section */
		C2AA8FA91D533CB200777188 /* XDAttributedTool.app */ = {isa = PBXFileReference; explicitFileType = wrapper.application; includeInIndex = 0; path = XDAttributedTool.app; sourceTree = BUILT_PRODUCTS_DIR; };
		C2AA8FAD1D533CB200777188 /* main.m */ = {isa = PBXFileReference; lastKnownFileType = sourcecode.c.objc; path = main.m; sourceTree = "<group>"; };
		C2AA8FAF1D533CB200777188 /* AppDelegate.h */ = {isa = PBXFileReference; lastKnownFileType = sourcecode.c.h; path = AppDelegate.h; sourceTree = "<group>"; };
		C2AA8FB01D533CB200777188 /* AppDelegate.m */ = {isa = PBXFileReference; lastKnownFileType = sourcecode.c.objc; path = AppDelegate.m; sourceTree = "<group>"; };
		C2AA8FB21D533CB200777188 /* ViewController.h */ = {isa = PBXFileReference; lastKnownFileType = sourcecode.c.h; path = ViewController.h; sourceTree = "<group>"; };
		C2AA8FB31D533CB200777188 /* ViewController.m */ = {isa = PBXFileReference; lastKnownFileType = sourcecode.c.objc; path = ViewController.m; sourceTree = "<group>"; };
		C2AA8FB61D533CB200777188 /* Base */ = {isa = PBXFileReference; lastKnownFileType = file.storyboard; name = Base; path = Base.lproj/Main.storyboard; sourceTree = "<group>"; };
		C2AA8FB81D533CB200777188 /* Assets.xcassets */ = {isa = PBXFileReference; lastKnownFileType = folder.assetcatalog; path = Assets.xcassets; sourceTree = "<group>"; };
		C2AA8FBB1D533CB200777188 /* Base */ = {isa = PBXFileReference; lastKnownFileType = file.storyboard; name = Base; path = Base.lproj/LaunchScreen.storyboard; sourceTree = "<group>"; };
		C2AA8FBD1D533CB200777188 /* Info.plist */ = {isa = PBXFileReference; lastKnownFileType = text.plist.xml; path = Info.plist; sourceTree = "<group>"; };
		C2F37BF61D8264E900FEE8E1 /* libXDAttributedTool.a */ = {isa = PBXFileReference; lastKnownFileType = archive.ar; path = libXDAttributedTool.a; sourceTree = "<group>"; };
		C2F37BF71D8264E900FEE8E1 /* XDAttributedText.h */ = {isa = PBXFileReference; fileEncoding = 4; lastKnownFileType = sourcecode.c.h; path = XDAttributedText.h; sourceTree = "<group>"; };
/* End PBXFileReference section */

/* Begin PBXFrameworksBuildPhase section */
		C2AA8FA61D533CB200777188 /* Frameworks */ = {
			isa = PBXFrameworksBuildPhase;
			buildActionMask = 2147483647;
			files = (
				C2F37BF81D8264E900FEE8E1 /* libXDAttributedTool.a in Frameworks */,
			);
			runOnlyForDeploymentPostprocessing = 0;
		};
/* End PBXFrameworksBuildPhase section */

/* Begin PBXGroup section */
		C2AA8FA01D533CB200777188 = {
			isa = PBXGroup;
			children = (
				C2F37BF51D8264E900FEE8E1 /* lib */,
				C2AA8FAB1D533CB200777188 /* XDAttributedTool */,
				C2AA8FAA1D533CB200777188 /* Products */,
			);
			sourceTree = "<group>";
		};
		C2AA8FAA1D533CB200777188 /* Products */ = {
			isa = PBXGroup;
			children = (
				C2AA8FA91D533CB200777188 /* XDAttributedTool.app */,
			);
			name = Products;
			sourceTree = "<group>";
		};
		C2AA8FAB1D533CB200777188 /* XDAttributedTool */ = {
			isa = PBXGroup;
			children = (
				C2AA8FAF1D533CB200777188 /* AppDelegate.h */,
				C2AA8FB01D533CB200777188 /* AppDelegate.m */,
				C2AA8FB21D533CB200777188 /* ViewController.h */,
				C2AA8FB31D533CB200777188 /* ViewController.m */,
				C2AA8FB51D533CB200777188 /* Main.storyboard */,
				C2AA8FB81D533CB200777188 /* Assets.xcassets */,
				C2AA8FBA1D533CB200777188 /* LaunchScreen.storyboard */,
				C2AA8FBD1D533CB200777188 /* Info.plist */,
				C2AA8FAC1D533CB200777188 /* Supporting Files */,
			);
			path = XDAttributedTool;
			sourceTree = "<group>";
		};
		C2AA8FAC1D533CB200777188 /* Supporting Files */ = {
			isa = PBXGroup;
			children = (
				C2AA8FAD1D533CB200777188 /* main.m */,
			);
			name = "Supporting Files";
			sourceTree = "<group>";
		};
		C2F37BF51D8264E900FEE8E1 /* lib */ = {
			isa = PBXGroup;
			children = (
				C2F37BF61D8264E900FEE8E1 /* libXDAttributedTool.a */,
				C2F37BF71D8264E900FEE8E1 /* XDAttributedText.h */,
			);
			path = lib;
			sourceTree = "<group>";
		};
/* End PBXGroup section */

/* Begin PBXNativeTarget section */
		C2AA8FA81D533CB200777188 /* XDAttributedTool */ = {
			isa = PBXNativeTarget;
			buildConfigurationList = C2AA8FC01D533CB200777188 /* Build configuration list for PBXNativeTarget "XDAttributedTool" */;
			buildPhases = (
				C2AA8FA51D533CB200777188 /* Sources */,
				C2AA8FA61D533CB200777188 /* Frameworks */,
				C2AA8FA71D533CB200777188 /* Resources */,
			);
			buildRules = (
			);
			dependencies = (
			);
			name = XDAttributedTool;
			productName = XDAttributedTool;
			productReference = C2AA8FA91D533CB200777188 /* XDAttributedTool.app */;
			productType = "com.apple.product-type.application";
		};
/* End PBXNativeTarget section */

/* Begin PBXProject section */
		C2AA8FA11D533CB200777188 /* Project object */ = {
			isa = PBXProject;
			attributes = {
				LastUpgradeCheck = 0730;
				ORGANIZATIONNAME = miaoxiaodong;
				TargetAttributes = {
					C2AA8FA81D533CB200777188 = {
						CreatedOnToolsVersion = 7.3.1;
					};
				};
			};
			buildConfigurationList = C2AA8FA41D533CB200777188 /* Build configuration list for PBXProject "XDAttributedTool" */;
			compatibilityVersion = "Xcode 3.2";
			developmentRegion = English;
			hasScannedForEncodings = 0;
			knownRegions = (
				en,
				Base,
			);
			mainGroup = C2AA8FA01D533CB200777188;
			productRefGroup = C2AA8FAA1D533CB200777188 /* Products */;
			projectDirPath = "";
			projectRoot = "";
			targets = (
				C2AA8FA81D533CB200777188 /* XDAttributedTool */,
			);
		};
/* End PBXProject section */

/* Begin PBXResourcesBuildPhase section */
		C2AA8FA71D533CB200777188 /* Resources */ = {
			isa = PBXResourcesBuildPhase;
			buildActionMask = 2147483647;
			files = (
				C2AA8FBC1D533CB200777188 /* LaunchScreen.storyboard in Resources */,
				C2AA8FB91D533CB200777188 /* Assets.xcassets in Resources */,
				C2AA8FB71D533CB200777188 /* Main.storyboard in Resources */,
			);
			runOnlyForDeploymentPostprocessing = 0;
		};
/* End PBXResourcesBuildPhase section */

/* Begin PBXSourcesBuildPhase section */
		C2AA8FA51D533CB200777188 /* Sources */ = {
			isa = PBXSourcesBuildPhase;
			buildActionMask = 2147483647;
			files = (
				C2AA8FB41D533CB200777188 /* ViewController.m in Sources */,
				C2AA8FB11D533CB200777188 /* AppDelegate.m in Sources */,
				C2AA8FAE1D533CB200777188 /* main.m in Sources */,
			);
			runOnlyForDeploymentPostprocessing = 0;
		};
/* End PBXSourcesBuildPhase section */

/* Begin PBXVariantGroup section */
		C2AA8FB51D533CB200777188 /* Main.storyboard */ = {
			isa = PBXVariantGroup;
			children = (
				C2AA8FB61D533CB200777188 /* Base */,
			);
			name = Main.storyboard;
			sourceTree = "<group>";
		};
		C2AA8FBA1D533CB200777188 /* LaunchScreen.storyboard */ = {
			isa = PBXVariantGroup;
			children = (
				C2AA8FBB1D533CB200777188 /* Base */,
			);
			name = LaunchScreen.storyboard;
			sourceTree = "<group>";
		};
/* End PBXVariantGroup section */

/* Begin XCBuildConfiguration section */
		C2AA8FBE1D533CB200777188 /* Debug */ = {
			isa = XCBuildConfiguration;
			buildSettings = {
				ALWAYS_SEARCH_USER_PATHS = NO;
				CLANG_ANALYZER_NONNULL = YES;
				CLANG_CXX_LANGUAGE_STANDARD = "gnu++0x";
				CLANG_CXX_LIBRARY = "libc++";
				CLANG_ENABLE_MODULES = YES;
				CLANG_ENABLE_OBJC_ARC = YES;
				CLANG_WARN_BOOL_CONVERSION = YES;
				CLANG_WARN_CONSTANT_CONVERSION = YES;
				CLANG_WARN_DIRECT_OBJC_ISA_USAGE = YES_ERROR;
				CLANG_WARN_EMPTY_BODY = YES;
				CLANG_WARN_ENUM_CONVERSION = YES;
				CLANG_WARN_INT_CONVERSION = YES;
				CLANG_WARN_OBJC_ROOT_CLASS = YES_ERROR;
				CLANG_WARN_UNREACHABLE_CODE = YES;
				CLANG_WARN__DUPLICATE_METHOD_MATCH = YES;
				"CODE_SIGN_IDENTITY[sdk=iphoneos*]" = "iPhone Developer";
				COPY_PHASE_STRIP = NO;
				DEBUG_INFORMATION_FORMAT = dwarf;
				ENABLE_STRICT_OBJC_MSGSEND = YES;
				ENABLE_TESTABILITY = YES;
				GCC_C_LANGUAGE_STANDARD = gnu99;
				GCC_DYNAMIC_NO_PIC = NO;
				GCC_NO_COMMON_BLOCKS = YES;
				GCC_OPTIMIZATION_LEVEL = 0;
				GCC_PREPROCESSOR_DEFINITIONS = (
					"DEBUG=1",
					"$(inherited)",
				);
				GCC_WARN_64_TO_32_BIT_CONVERSION = YES;
				GCC_WARN_ABOUT_RETURN_TYPE = YES_ERROR;
				GCC_WARN_UNDECLARED_SELECTOR = YES;
				GCC_WARN_UNINITIALIZED_AUTOS = YES_AGGRESSIVE;
				GCC_WARN_UNUSED_FUNCTION = YES;
				GCC_WARN_UNUSED_VARIABLE = YES;
				IPHONEOS_DEPLOYMENT_TARGET = 9.3;
				MTL_ENABLE_DEBUG_INFO = YES;
				ONLY_ACTIVE_ARCH = YES;
				SDKROOT = iphoneos;
			};
			name = Debug;
		};
		C2AA8FBF1D533CB200777188 /* Release */ = {
			isa = XCBuildConfiguration;
			buildSettings = {
				ALWAYS_SEARCH_USER_PATHS = NO;
				CLANG_ANALYZER_NONNULL = YES;
				CLANG_CXX_LANGUAGE_STANDARD = "gnu++0x";
				CLANG_CXX_LIBRARY = "libc++";
				CLANG_ENABLE_MODULES = YES;
				CLANG_ENABLE_OBJC_ARC = YES;
				CLANG_WARN_BOOL_CONVERSION = YES;
				CLANG_WARN_CONSTANT_CONVERSION = YES;
				CLANG_WARN_DIRECT_OBJC_ISA_USAGE = YES_ERROR;
				CLANG_WARN_EMPTY_BODY = YES;
				CLANG_WARN_ENUM_CONVERSION = YES;
				CLANG_WARN_INT_CONVERSION = YES;
				CLANG_WARN_OBJC_ROOT_CLASS = YES_ERROR;
				CLANG_WARN_UNREACHABLE_CODE = YES;
				CLANG_WARN__DUPLICATE_METHOD_MATCH = YES;
				"CODE_SIGN_IDENTITY[sdk=iphoneos*]" = "iPhone Developer";
				COPY_PHASE_STRIP = NO;
				DEBUG_INFORMATION_FORMAT = "dwarf-with-dsym";
				ENABLE_NS_ASSERTIONS = NO;
				ENABLE_STRICT_OBJC_MSGSEND = YES;
				GCC_C_LANGUAGE_STANDARD = gnu99;
				GCC_NO_COMMON_BLOCKS = YES;
				GCC_WARN_64_TO_32_BIT_CONVERSION = YES;
				GCC_WARN_ABOUT_RETURN_TYPE = YES_ERROR;
				GCC_WARN_UNDECLARED_SELECTOR = YES;
				GCC_WARN_UNINITIALIZED_AUTOS = YES_AGGRESSIVE;
				GCC_WARN_UNUSED_FUNCTION = YES;
				GCC_WARN_UNUSED_VARIABLE = YES;
				IPHONEOS_DEPLOYMENT_TARGET = 9.3;
				MTL_ENABLE_DEBUG_INFO = NO;
				SDKROOT = iphoneos;
				VALIDATE_PRODUCT = YES;
			};
			name = Release;
		};
		C2AA8FC11D533CB200777188 /* Debug */ = {
			isa = XCBuildConfiguration;
			buildSettings = {
				ASSETCATALOG_COMPILER_APPICON_NAME = AppIcon;
				INFOPLIST_FILE = XDAttributedTool/Info.plist;
				LD_RUNPATH_SEARCH_PATHS = "$(inherited) @executable_path/Frameworks";
				LIBRARY_SEARCH_PATHS = (
					"$(inherited)",
					"$(PROJECT_DIR)/lib",
				);
				PRODUCT_BUNDLE_IDENTIFIER = com.miaoxiaodong.XDAttributedTool;
				PRODUCT_NAME = "$(TARGET_NAME)";
			};
			name = Debug;
		};
		C2AA8FC21D533CB200777188 /* Release */ = {
			isa = XCBuildConfiguration;
			buildSettings = {
				ASSETCATALOG_COMPILER_APPICON_NAME = AppIcon;
				INFOPLIST_FILE = XDAttributedTool/Info.plist;
				LD_RUNPATH_SEARCH_PATHS = "$(inherited) @executable_path/Frameworks";
				LIBRARY_SEARCH_PATHS = (
					"$(inherited)",
					"$(PROJECT_DIR)/lib",
				);
				PRODUCT_BUNDLE_IDENTIFIER = com.miaoxiaodong.XDAttributedTool;
				PRODUCT_NAME = "$(TARGET_NAME)";
			};
			name = Release;
		};
/* End XCBuildConfiguration section */

/* Begin XCConfigurationList section */
		C2AA8FA41D533CB200777188 /* Build configuration list for PBXProject "XDAttributedTool" */ = {
			isa = XCConfigurationList;
			buildConfigurations = (
				C2AA8FBE1D533CB200777188 /* Debug */,
				C2AA8FBF1D533CB200777188 /* Release */,
			);
			defaultConfigurationIsVisible = 0;
			defaultConfigurationName = Release;
		};
		C2AA8FC01D533CB200777188 /* Build configuration list for PBXNativeTarget "XDAttributedTool" */ = {
			isa = XCConfigurationList;
			buildConfigurations = (
				C2AA8FC11D533CB200777188 /* Debug */,
				C2AA8FC21D533CB200777188 /* Release */,
			);
			defaultConfigurationIsVisible = 0;
			defaultConfigurationName = Release;
		};
/* End XCConfigurationList section */
	};
	rootObject = C2AA8FA11D533CB200777188 /* Project object */;
}
